
Microsoft Visual Studio Solution File, Format Version 12.00
# Visual Studio Version 17
VisualStudioVersion = 17.8.34316.72
MinimumVisualStudioVersion = 10.0.40219.1
Project("{9A19103F-16F7-4668-BE54-9A1E7A4F7556}") = "HahnCargoTruckLoader", "HahnCargoTruckLoader\HahnCargoTruckLoader.csproj", "{000A82BF-7646-43E1-994B-FD9B038203B5}"
EndProject
Project("{2150E333-8FDC-42A3-9474-1A3956D46DE8}") = "Solution Items", "Solution Items", "{AFC79792-E7E9-4314-A1D5-70A428935AE5}"
	ProjectSection(SolutionItems) = preProject
		README.md = README.md
	EndProjectSection
EndProject
Project("{9A19103F-16F7-4668-BE54-9A1E7A4F7556}") = "HahnCargoTruckLoader.WPF", "HahnCargoTruckLoader.WPF\HahnCargoTruckLoader.WPF.csproj", "{8E6161D7-2FDB-4C51-8985-45A4D6778632}"
EndProject
Project("{9A19103F-16F7-4668-BE54-9A1E7A4F7556}") = "HahnCargoTruckLoader.Library", "HahnCargoTruckLoader.Library\HahnCargoTruckLoader.Library.csproj", "{F6AEF21D-FDA7-4B41-9007-74A3695168ED}"
EndProject
Project("{2150E333-8FDC-42A3-9474-1A3956D46DE8}") = "Images", "Images", "{A8AC20AE-EFD1-4384-9E55-3B515524B8A1}"
	ProjectSection(SolutionItems) = preProject
		Images\activity_diagram.png = Images\activity_diagram.png
		Images\Solution.png = Images\Solution.png
	EndProjectSection
EndProject
Global
	GlobalSection(SolutionConfigurationPlatforms) = preSolution
		Debug|Any CPU = Debug|Any CPU
		Release|Any CPU = Release|Any CPU
	EndGlobalSection
	GlobalSection(ProjectConfigurationPlatforms) = postSolution
		{000A82BF-7646-43E1-994B-FD9B038203B5}.Debug|Any CPU.ActiveCfg = Debug|Any CPU
		{000A82BF-7646-43E1-994B-FD9B038203B5}.Debug|Any CPU.Build.0 = Debug|Any CPU
		{000A82BF-7646-43E1-994B-FD9B038203B5}.Release|Any CPU.ActiveCfg = Release|Any CPU
		{000A82BF-7646-43E1-994B-FD9B038203B5}.Release|Any CPU.Build.0 = Release|Any CPU
		{8E6161D7-2FDB-4C51-8985-45A4D6778632}.Debug|Any CPU.ActiveCfg = Debug|Any CPU
		{8E6161D7-2FDB-4C51-8985-45A4D6778632}.Debug|Any CPU.Build.0 = Debug|Any CPU
		{8E6161D7-2FDB-4C51-8985-45A4D6778632}.Release|Any CPU.ActiveCfg = Release|Any CPU
		{8E6161D7-2FDB-4C51-8985-45A4D6778632}.Release|Any CPU.Build.0 = Release|Any CPU
		{F6AEF21D-FDA7-4B41-9007-74A3695168ED}.Debug|Any CPU.ActiveCfg = Debug|Any CPU
		{F6AEF21D-FDA7-4B41-9007-74A3695168ED}.Debug|Any CPU.Build.0 = Debug|Any CPU
		{F6AEF21D-FDA7-4B41-9007-74A3695168ED}.Release|Any CPU.ActiveCfg = Release|Any CPU
		{F6AEF21D-FDA7-4B41-9007-74A3695168ED}.Release|Any CPU.Build.0 = Release|Any CPU
	EndGlobalSection
	GlobalSection(SolutionProperties) = preSolution
		HideSolutionNode = FALSE
	EndGlobalSection
	GlobalSection(ExtensibilityGlobals) = postSolution
		SolutionGuid = {412B770A-E5E2-4CD1-AA4E-E9D423BE0054}
	EndGlobalSection
EndGlobal
